{
  "name": "slsa-github-generator-node-test",
  "version": "1.2.0",
  "lockfileVersion": 2,
  "requires": true,
  "packages": {
    "": {
      "name": "slsa-github-generator-node-test",
      "version": "1.2.0",
      "license": "ISC",
      "dependencies": {
        "@pkgjs/parseargs": "^0.7.1"
      }
    },
    "node_modules/@pkgjs/parseargs": {
      "version": "0.7.1",
      "resolved": "https://registry.npmjs.org/@pkgjs/parseargs/-/parseargs-0.7.1.tgz",
      "integrity": "sha512-GlhsKlO648ZqVtyr/h1guGyt4zpBL6W1Fe4j9tbEbFw/ZJxAaANOdOVerVnaPUkauo83O0mlSBQ2Ghn17c9spQ=="
    }
  },
  "dependencies": {
    "@pkgjs/parseargs": {
      "version": "0.7.1",
      "resolved": "https://registry.npmjs.org/@pkgjs/parseargs/-/parseargs-0.7.1.tgz",
      "integrity": "sha512-GlhsKlO648ZqVtyr/h1guGyt4zpBL6W1Fe4j9tbEbFw/ZJxAaANOdOVerVnaPUkauo83O0mlSBQ2Ghn17c9spQ=="
    }
  }
}
